
Microsoft Visual Studio Solution File, Format Version 12.00
# Visual Studio Version 16
VisualStudioVersion = 16.0.30621.155
MinimumVisualStudioVersion = 10.0.40219.1
Project("{FAE04EC0-301F-11D3-BF4B-00C04F79EFBC}") = "DXPEnvironmentSupport", "DXPEnvironmentSupport\DXPEnvironmentSupport.csproj", "{574B75DD-0C85-4AE3-B043-A51759A4967F}"
EndProject
Global
	GlobalSection(SolutionConfigurationPlatforms) = preSolution
		Debug|Any CPU = Debug|Any CPU
		Release|Any CPU = Release|Any CPU
	EndGlobalSection
	GlobalSection(ProjectConfigurationPlatforms) = postSolution
		{574B75DD-0C85-4AE3-B043-A51759A4967F}.Debug|Any CPU.ActiveCfg = Debug|Any CPU
		{574B75DD-0C85-4AE3-B043-A51759A4967F}.Debug|Any CPU.Build.0 = Debug|Any CPU
		{574B75DD-0C85-4AE3-B043-A51759A4967F}.Release|Any CPU.ActiveCfg = Release|Any CPU
		{574B75DD-0C85-4AE3-B043-A51759A4967F}.Release|Any CPU.Build.0 = Release|Any CPU
	EndGlobalSection
	GlobalSection(SolutionProperties) = preSolution
		HideSolutionNode = FALSE
	EndGlobalSection
	GlobalSection(ExtensibilityGlobals) = postSolution
		SolutionGuid = {F387E132-2D96-49D8-ADAE-B03EE1869FD1}
	EndGlobalSection
EndGlobal
